
Microsoft Visual Studio Solution File, Format Version 12.00
# Visual Studio Version 17
VisualStudioVersion = 17.12.35527.113
MinimumVisualStudioVersion = 10.0.40219.1
Project("{FAE04EC0-301F-11D3-BF4B-00C04F79EFBC}") = "ConsoleApp1", "ConsoleApp1\ConsoleApp1.csproj", "{0054C01B-7921-4712-A72E-6D6F4FCDF34A}"
EndProject
Project("{FAE04EC0-301F-11D3-BF4B-00C04F79EFBC}") = "Common", "Common\Common.csproj", "{AC7A0C3B-81AE-4230-847B-2E5858756722}"
EndProject
Global
	GlobalSection(SolutionConfigurationPlatforms) = preSolution
		Debug|Any CPU = Debug|Any CPU
		Release|Any CPU = Release|Any CPU
	EndGlobalSection
	GlobalSection(ProjectConfigurationPlatforms) = postSolution
		{0054C01B-7921-4712-A72E-6D6F4FCDF34A}.Debug|Any CPU.ActiveCfg = Debug|Any CPU
		{0054C01B-7921-4712-A72E-6D6F4FCDF34A}.Debug|Any CPU.Build.0 = Debug|Any CPU
		{0054C01B-7921-4712-A72E-6D6F4FCDF34A}.Release|Any CPU.ActiveCfg = Release|Any CPU
		{0054C01B-7921-4712-A72E-6D6F4FCDF34A}.Release|Any CPU.Build.0 = Release|Any CPU
		{AC7A0C3B-81AE-4230-847B-2E5858756722}.Debug|Any CPU.ActiveCfg = Debug|Any CPU
		{AC7A0C3B-81AE-4230-847B-2E5858756722}.Debug|Any CPU.Build.0 = Debug|Any CPU
		{AC7A0C3B-81AE-4230-847B-2E5858756722}.Release|Any CPU.ActiveCfg = Release|Any CPU
		{AC7A0C3B-81AE-4230-847B-2E5858756722}.Release|Any CPU.Build.0 = Release|Any CPU
	EndGlobalSection
	GlobalSection(SolutionProperties) = preSolution
		HideSolutionNode = FALSE
	EndGlobalSection
EndGlobal
